schema: '2.0'
stages:
  make_dataset:
    cmd: python ./src/data/make_dataset.py
    deps:
    - path: ./src/data/make_dataset.py
      hash: md5
      md5: 7379bae1ff465ae6bf50ce4194066969
      size: 1262
    params:
      params.yaml:
        make_dataset.output_path: ./data/processed/
        make_dataset.raw_data_path: ./data/raw/stocks.csv
        make_dataset.seed: 23
        make_dataset.size: 0.2
    outs:
    - path: ./data/processed/
      hash: md5
      md5: 269cd62741fdc68668e40a56c1f4384d.dir
      size: 403320
      nfiles: 2
